
Microsoft Visual Studio Solution File, Format Version 12.00
# Visual Studio Version 17
VisualStudioVersion = 17.3.32929.385
MinimumVisualStudioVersion = 10.0.40219.1
Project("{FAE04EC0-301F-11D3-BF4B-00C04F79EFBC}") = "WindowsApp", "WindowsApp\WindowsApp.csproj", "{CEFF258B-A130-488E-A499-FBDFB9C11D4A}"
EndProject
Project("{FAE04EC0-301F-11D3-BF4B-00C04F79EFBC}") = "Ejercicio3", "Ejercicio3\Ejercicio3.csproj", "{734C8580-404B-4ED9-BE49-FF988C379480}"
EndProject
Global
	GlobalSection(SolutionConfigurationPlatforms) = preSolution
		Debug|Any CPU = Debug|Any CPU
		Release|Any CPU = Release|Any CPU
	EndGlobalSection
	GlobalSection(ProjectConfigurationPlatforms) = postSolution
		{CEFF258B-A130-488E-A499-FBDFB9C11D4A}.Debug|Any CPU.ActiveCfg = Debug|Any CPU
		{CEFF258B-A130-488E-A499-FBDFB9C11D4A}.Debug|Any CPU.Build.0 = Debug|Any CPU
		{CEFF258B-A130-488E-A499-FBDFB9C11D4A}.Release|Any CPU.ActiveCfg = Release|Any CPU
		{CEFF258B-A130-488E-A499-FBDFB9C11D4A}.Release|Any CPU.Build.0 = Release|Any CPU
		{734C8580-404B-4ED9-BE49-FF988C379480}.Debug|Any CPU.ActiveCfg = Debug|Any CPU
		{734C8580-404B-4ED9-BE49-FF988C379480}.Debug|Any CPU.Build.0 = Debug|Any CPU
		{734C8580-404B-4ED9-BE49-FF988C379480}.Release|Any CPU.ActiveCfg = Release|Any CPU
		{734C8580-404B-4ED9-BE49-FF988C379480}.Release|Any CPU.Build.0 = Release|Any CPU
	EndGlobalSection
	GlobalSection(SolutionProperties) = preSolution
		HideSolutionNode = FALSE
	EndGlobalSection
	GlobalSection(ExtensibilityGlobals) = postSolution
		SolutionGuid = {AD734D46-B533-4764-B52D-83C35615C999}
	EndGlobalSection
EndGlobal
